
Microsoft Visual Studio Solution File, Format Version 12.00
# Visual Studio 15
VisualStudioVersion = 15.0.28307.1259
MinimumVisualStudioVersion = 10.0.40219.1
Project("{FAE04EC0-301F-11D3-BF4B-00C04F79EFBC}") = "YO", "YO.csproj", "{9D3CE13A-6429-48A0-8125-44321D38B58A}"
EndProject
Project("{54435603-DBB4-11D2-8724-00A0C9A8B90C}") = "Setup", "Setup\Setup.vdproj", "{B1FF110F-4DD6-44E1-B585-0117463F4FAA}"
EndProject
Project("{FAE04EC0-301F-11D3-BF4B-00C04F79EFBC}") = "YO.Avalonia", "YO.Avalonia\YO.Avalonia.csproj", "{126FAF85-4A71-410C-A475-8A85B54D0536}"
EndProject
Project("{FAE04EC0-301F-11D3-BF4B-00C04F79EFBC}") = "YO.Internals", "YO.Internals\YO.Internals.csproj", "{3A136DC1-55E8-4B05-AC36-B96E3769A081}"
EndProject
Global
	GlobalSection(SolutionConfigurationPlatforms) = preSolution
		Debug|Any CPU = Debug|Any CPU
		Release|Any CPU = Release|Any CPU
	EndGlobalSection
	GlobalSection(ProjectConfigurationPlatforms) = postSolution
		{9D3CE13A-6429-48A0-8125-44321D38B58A}.Debug|Any CPU.ActiveCfg = Debug|Any CPU
		{9D3CE13A-6429-48A0-8125-44321D38B58A}.Debug|Any CPU.Build.0 = Debug|Any CPU
		{9D3CE13A-6429-48A0-8125-44321D38B58A}.Release|Any CPU.ActiveCfg = Release|Any CPU
		{9D3CE13A-6429-48A0-8125-44321D38B58A}.Release|Any CPU.Build.0 = Release|Any CPU
		{B1FF110F-4DD6-44E1-B585-0117463F4FAA}.Debug|Any CPU.ActiveCfg = Debug
		{B1FF110F-4DD6-44E1-B585-0117463F4FAA}.Release|Any CPU.ActiveCfg = Release
		{126FAF85-4A71-410C-A475-8A85B54D0536}.Debug|Any CPU.ActiveCfg = Debug|Any CPU
		{126FAF85-4A71-410C-A475-8A85B54D0536}.Debug|Any CPU.Build.0 = Debug|Any CPU
		{126FAF85-4A71-410C-A475-8A85B54D0536}.Release|Any CPU.ActiveCfg = Release|Any CPU
		{126FAF85-4A71-410C-A475-8A85B54D0536}.Release|Any CPU.Build.0 = Release|Any CPU
		{3A136DC1-55E8-4B05-AC36-B96E3769A081}.Debug|Any CPU.ActiveCfg = Debug|Any CPU
		{3A136DC1-55E8-4B05-AC36-B96E3769A081}.Debug|Any CPU.Build.0 = Debug|Any CPU
		{3A136DC1-55E8-4B05-AC36-B96E3769A081}.Release|Any CPU.ActiveCfg = Release|Any CPU
		{3A136DC1-55E8-4B05-AC36-B96E3769A081}.Release|Any CPU.Build.0 = Release|Any CPU
	EndGlobalSection
	GlobalSection(SolutionProperties) = preSolution
		HideSolutionNode = FALSE
	EndGlobalSection
	GlobalSection(ExtensibilityGlobals) = postSolution
		SolutionGuid = {9C9BB2AA-1E55-429F-A577-DC2FDD90FD28}
	EndGlobalSection
EndGlobal
